
Microsoft Visual Studio Solution File, Format Version 12.00
# Visual Studio 15
VisualStudioVersion = 15.0.28307.902
MinimumVisualStudioVersion = 10.0.40219.1
Project("{FAE04EC0-301F-11D3-BF4B-00C04F79EFBC}") = "JingruiZhang.EPPlus", "JingruiZhang.EPPlus\JingruiZhang.EPPlus.csproj", "{E786DD05-E8EB-4506-BD27-B285D839DBF7}"
EndProject
Global
	GlobalSection(SolutionConfigurationPlatforms) = preSolution
		Debug|Any CPU = Debug|Any CPU
		Release|Any CPU = Release|Any CPU
	EndGlobalSection
	GlobalSection(ProjectConfigurationPlatforms) = postSolution
		{E786DD05-E8EB-4506-BD27-B285D839DBF7}.Debug|Any CPU.ActiveCfg = Debug|Any CPU
		{E786DD05-E8EB-4506-BD27-B285D839DBF7}.Debug|Any CPU.Build.0 = Debug|Any CPU
		{E786DD05-E8EB-4506-BD27-B285D839DBF7}.Release|Any CPU.ActiveCfg = Release|Any CPU
		{E786DD05-E8EB-4506-BD27-B285D839DBF7}.Release|Any CPU.Build.0 = Release|Any CPU
	EndGlobalSection
	GlobalSection(SolutionProperties) = preSolution
		HideSolutionNode = FALSE
	EndGlobalSection
	GlobalSection(ExtensibilityGlobals) = postSolution
		SolutionGuid = {602D4213-FDFA-4950-86AE-6938D96532DE}
	EndGlobalSection
EndGlobal
